
Microsoft Visual Studio Solution File, Format Version 11.00
# Visual Studio 2010
Project("{FAE04EC0-301F-11D3-BF4B-00C04F79EFBC}") = "SID217528942-VR-DEV-CHALLENGE", "Assembly-CSharp.csproj", "{FE828957-F0AE-DC20-53C0-7863A7942AA1}"
EndProject
Project("{FAE04EC0-301F-11D3-BF4B-00C04F79EFBC}") = "SID217528942-VR-DEV-CHALLENGE", "Assembly-CSharp-Editor.csproj", "{68EABBED-32B8-E3C6-1C36-2AEC2CCA3C6C}"
EndProject
Global
	GlobalSection(SolutionConfigurationPlatforms) = preSolution
		Debug|Any CPU = Debug|Any CPU
		Release|Any CPU = Release|Any CPU
	EndGlobalSection
	GlobalSection(ProjectConfigurationPlatforms) = postSolution
		{FE828957-F0AE-DC20-53C0-7863A7942AA1}.Debug|Any CPU.ActiveCfg = Debug|Any CPU
		{FE828957-F0AE-DC20-53C0-7863A7942AA1}.Debug|Any CPU.Build.0 = Debug|Any CPU
		{FE828957-F0AE-DC20-53C0-7863A7942AA1}.Release|Any CPU.ActiveCfg = Release|Any CPU
		{FE828957-F0AE-DC20-53C0-7863A7942AA1}.Release|Any CPU.Build.0 = Release|Any CPU
		{68EABBED-32B8-E3C6-1C36-2AEC2CCA3C6C}.Debug|Any CPU.ActiveCfg = Debug|Any CPU
		{68EABBED-32B8-E3C6-1C36-2AEC2CCA3C6C}.Debug|Any CPU.Build.0 = Debug|Any CPU
		{68EABBED-32B8-E3C6-1C36-2AEC2CCA3C6C}.Release|Any CPU.ActiveCfg = Release|Any CPU
		{68EABBED-32B8-E3C6-1C36-2AEC2CCA3C6C}.Release|Any CPU.Build.0 = Release|Any CPU
	EndGlobalSection
	GlobalSection(SolutionProperties) = preSolution
		HideSolutionNode = FALSE
	EndGlobalSection
	GlobalSection(MonoDevelopProperties) = preSolution
		StartupItem = Assembly-CSharp.csproj
	EndGlobalSection
EndGlobal
